
Microsoft Visual Studio Solution File, Format Version 12.00
# Visual Studio Version 16
VisualStudioVersion = 16.0.30320.27
MinimumVisualStudioVersion = 10.0.40219.1
Project("{2150E333-8FDC-42A3-9474-1A3956D46DE8}") = "Domain", "Domain", "{93C71694-07B5-4CFE-9FB2-178E7975BCAF}"
EndProject
Project("{2150E333-8FDC-42A3-9474-1A3956D46DE8}") = "Interface", "Interface", "{AA4848B5-0FBA-41E8-B1AF-C983FBAA3E83}"
EndProject
Project("{2150E333-8FDC-42A3-9474-1A3956D46DE8}") = "src", "src", "{A7E24B38-9E8C-4B61-85C4-39CF4E9B21E0}"
EndProject
Project("{2150E333-8FDC-42A3-9474-1A3956D46DE8}") = "tests", "tests", "{74D54913-5810-4C87-9753-47F20802414A}"
EndProject
Project("{2150E333-8FDC-42A3-9474-1A3956D46DE8}") = "Hosting", "Hosting", "{BF44C239-059C-4DD7-85A3-9A66AC04B2D1}"
EndProject
Project("{9A19103F-16F7-4668-BE54-9A1E7A4F7556}") = "Project.Domain", "Project.Domain\Project.Domain.csproj", "{862780BC-B87E-434C-86B0-690ED1087774}"
EndProject
Project("{2150E333-8FDC-42A3-9474-1A3956D46DE8}") = "Infrastructure", "Infrastructure", "{B41A4B22-FDB3-49FA-BB94-CB426C178E14}"
EndProject
Project("{9A19103F-16F7-4668-BE54-9A1E7A4F7556}") = "Project.DataAccess", "Project.DataAccess\Project.DataAccess.csproj", "{019F21E7-8975-4AEC-9319-1A82ABF3EF5E}"
EndProject
Project("{9A19103F-16F7-4668-BE54-9A1E7A4F7556}") = "Project.Contracts", "Project.Contracts\Project.Contracts.csproj", "{5DC99EEF-03C9-425E-A457-F41E442EE79D}"
EndProject
Project("{9A19103F-16F7-4668-BE54-9A1E7A4F7556}") = "Project.Query", "Project.Query\Project.Query.csproj", "{F7A34257-C6A2-405C-9FC8-6AFFBA8886DF}"
EndProject
Project("{9A19103F-16F7-4668-BE54-9A1E7A4F7556}") = "Project.Service", "Project.Service\Project.Service.csproj", "{D2046F09-99FE-4244-9FEE-AB52DD63D1A4}"
EndProject
Project("{9A19103F-16F7-4668-BE54-9A1E7A4F7556}") = "Project.WriteSide", "Project.WriteSide\Project.WriteSide.csproj", "{CF019F48-E915-4D33-A495-744AC16839C0}"
EndProject
Project("{9A19103F-16F7-4668-BE54-9A1E7A4F7556}") = "Project.QuerySide", "Project.QuerySide\Project.QuerySide.csproj", "{0F0F020C-3D8A-4B44-8356-68F5A969199D}"
EndProject
Project("{9A19103F-16F7-4668-BE54-9A1E7A4F7556}") = "Project.MessageService", "Project.MessageService\Project.MessageService.csproj", "{A4357873-9C0E-4671-9F5B-9BF1F4F4415E}"
EndProject
Project("{FAE04EC0-301F-11D3-BF4B-00C04F79EFBC}") = "Project.Bootstrap", "Project.Bootstrap\Project.Bootstrap.csproj", "{3395DC05-4597-4C8F-B809-EF452BDF9566}"
EndProject
Project("{FAE04EC0-301F-11D3-BF4B-00C04F79EFBC}") = "Project.Migration", "Project.Migration\Project.Migration.csproj", "{EF2D346B-A77B-4310-83D4-AB12E7321B69}"
EndProject
Global
	GlobalSection(SolutionConfigurationPlatforms) = preSolution
		Debug|Any CPU = Debug|Any CPU
		Release|Any CPU = Release|Any CPU
	EndGlobalSection
	GlobalSection(ProjectConfigurationPlatforms) = postSolution
		{862780BC-B87E-434C-86B0-690ED1087774}.Debug|Any CPU.ActiveCfg = Debug|Any CPU
		{862780BC-B87E-434C-86B0-690ED1087774}.Debug|Any CPU.Build.0 = Debug|Any CPU
		{862780BC-B87E-434C-86B0-690ED1087774}.Release|Any CPU.ActiveCfg = Release|Any CPU
		{862780BC-B87E-434C-86B0-690ED1087774}.Release|Any CPU.Build.0 = Release|Any CPU
		{019F21E7-8975-4AEC-9319-1A82ABF3EF5E}.Debug|Any CPU.ActiveCfg = Debug|Any CPU
		{019F21E7-8975-4AEC-9319-1A82ABF3EF5E}.Debug|Any CPU.Build.0 = Debug|Any CPU
		{019F21E7-8975-4AEC-9319-1A82ABF3EF5E}.Release|Any CPU.ActiveCfg = Release|Any CPU
		{019F21E7-8975-4AEC-9319-1A82ABF3EF5E}.Release|Any CPU.Build.0 = Release|Any CPU
		{5DC99EEF-03C9-425E-A457-F41E442EE79D}.Debug|Any CPU.ActiveCfg = Debug|Any CPU
		{5DC99EEF-03C9-425E-A457-F41E442EE79D}.Debug|Any CPU.Build.0 = Debug|Any CPU
		{5DC99EEF-03C9-425E-A457-F41E442EE79D}.Release|Any CPU.ActiveCfg = Release|Any CPU
		{5DC99EEF-03C9-425E-A457-F41E442EE79D}.Release|Any CPU.Build.0 = Release|Any CPU
		{F7A34257-C6A2-405C-9FC8-6AFFBA8886DF}.Debug|Any CPU.ActiveCfg = Debug|Any CPU
		{F7A34257-C6A2-405C-9FC8-6AFFBA8886DF}.Debug|Any CPU.Build.0 = Debug|Any CPU
		{F7A34257-C6A2-405C-9FC8-6AFFBA8886DF}.Release|Any CPU.ActiveCfg = Release|Any CPU
		{F7A34257-C6A2-405C-9FC8-6AFFBA8886DF}.Release|Any CPU.Build.0 = Release|Any CPU
		{D2046F09-99FE-4244-9FEE-AB52DD63D1A4}.Debug|Any CPU.ActiveCfg = Debug|Any CPU
		{D2046F09-99FE-4244-9FEE-AB52DD63D1A4}.Debug|Any CPU.Build.0 = Debug|Any CPU
		{D2046F09-99FE-4244-9FEE-AB52DD63D1A4}.Release|Any CPU.ActiveCfg = Release|Any CPU
		{D2046F09-99FE-4244-9FEE-AB52DD63D1A4}.Release|Any CPU.Build.0 = Release|Any CPU
		{CF019F48-E915-4D33-A495-744AC16839C0}.Debug|Any CPU.ActiveCfg = Debug|Any CPU
		{CF019F48-E915-4D33-A495-744AC16839C0}.Debug|Any CPU.Build.0 = Debug|Any CPU
		{CF019F48-E915-4D33-A495-744AC16839C0}.Release|Any CPU.ActiveCfg = Release|Any CPU
		{CF019F48-E915-4D33-A495-744AC16839C0}.Release|Any CPU.Build.0 = Release|Any CPU
		{0F0F020C-3D8A-4B44-8356-68F5A969199D}.Debug|Any CPU.ActiveCfg = Debug|Any CPU
		{0F0F020C-3D8A-4B44-8356-68F5A969199D}.Debug|Any CPU.Build.0 = Debug|Any CPU
		{0F0F020C-3D8A-4B44-8356-68F5A969199D}.Release|Any CPU.ActiveCfg = Release|Any CPU
		{0F0F020C-3D8A-4B44-8356-68F5A969199D}.Release|Any CPU.Build.0 = Release|Any CPU
		{A4357873-9C0E-4671-9F5B-9BF1F4F4415E}.Debug|Any CPU.ActiveCfg = Debug|Any CPU
		{A4357873-9C0E-4671-9F5B-9BF1F4F4415E}.Debug|Any CPU.Build.0 = Debug|Any CPU
		{A4357873-9C0E-4671-9F5B-9BF1F4F4415E}.Release|Any CPU.ActiveCfg = Release|Any CPU
		{A4357873-9C0E-4671-9F5B-9BF1F4F4415E}.Release|Any CPU.Build.0 = Release|Any CPU
		{3395DC05-4597-4C8F-B809-EF452BDF9566}.Debug|Any CPU.ActiveCfg = Debug|Any CPU
		{3395DC05-4597-4C8F-B809-EF452BDF9566}.Debug|Any CPU.Build.0 = Debug|Any CPU
		{3395DC05-4597-4C8F-B809-EF452BDF9566}.Release|Any CPU.ActiveCfg = Release|Any CPU
		{3395DC05-4597-4C8F-B809-EF452BDF9566}.Release|Any CPU.Build.0 = Release|Any CPU
		{EF2D346B-A77B-4310-83D4-AB12E7321B69}.Debug|Any CPU.ActiveCfg = Debug|Any CPU
		{EF2D346B-A77B-4310-83D4-AB12E7321B69}.Debug|Any CPU.Build.0 = Debug|Any CPU
		{EF2D346B-A77B-4310-83D4-AB12E7321B69}.Release|Any CPU.ActiveCfg = Release|Any CPU
		{EF2D346B-A77B-4310-83D4-AB12E7321B69}.Release|Any CPU.Build.0 = Release|Any CPU
	EndGlobalSection
	GlobalSection(SolutionProperties) = preSolution
		HideSolutionNode = FALSE
	EndGlobalSection
	GlobalSection(NestedProjects) = preSolution
		{93C71694-07B5-4CFE-9FB2-178E7975BCAF} = {A7E24B38-9E8C-4B61-85C4-39CF4E9B21E0}
		{AA4848B5-0FBA-41E8-B1AF-C983FBAA3E83} = {A7E24B38-9E8C-4B61-85C4-39CF4E9B21E0}
		{BF44C239-059C-4DD7-85A3-9A66AC04B2D1} = {A7E24B38-9E8C-4B61-85C4-39CF4E9B21E0}
		{862780BC-B87E-434C-86B0-690ED1087774} = {93C71694-07B5-4CFE-9FB2-178E7975BCAF}
		{B41A4B22-FDB3-49FA-BB94-CB426C178E14} = {A7E24B38-9E8C-4B61-85C4-39CF4E9B21E0}
		{019F21E7-8975-4AEC-9319-1A82ABF3EF5E} = {B41A4B22-FDB3-49FA-BB94-CB426C178E14}
		{5DC99EEF-03C9-425E-A457-F41E442EE79D} = {AA4848B5-0FBA-41E8-B1AF-C983FBAA3E83}
		{F7A34257-C6A2-405C-9FC8-6AFFBA8886DF} = {AA4848B5-0FBA-41E8-B1AF-C983FBAA3E83}
		{D2046F09-99FE-4244-9FEE-AB52DD63D1A4} = {AA4848B5-0FBA-41E8-B1AF-C983FBAA3E83}
		{CF019F48-E915-4D33-A495-744AC16839C0} = {BF44C239-059C-4DD7-85A3-9A66AC04B2D1}
		{0F0F020C-3D8A-4B44-8356-68F5A969199D} = {BF44C239-059C-4DD7-85A3-9A66AC04B2D1}
		{A4357873-9C0E-4671-9F5B-9BF1F4F4415E} = {BF44C239-059C-4DD7-85A3-9A66AC04B2D1}
		{3395DC05-4597-4C8F-B809-EF452BDF9566} = {B41A4B22-FDB3-49FA-BB94-CB426C178E14}
		{EF2D346B-A77B-4310-83D4-AB12E7321B69} = {B41A4B22-FDB3-49FA-BB94-CB426C178E14}
	EndGlobalSection
	GlobalSection(ExtensibilityGlobals) = postSolution
		SolutionGuid = {4E24D55E-E979-4F0A-B35D-B1EA56FD699F}
	EndGlobalSection
EndGlobal
